
Microsoft Visual Studio Solution File, Format Version 12.00
# Visual Studio Version 16
VisualStudioVersion = 16.0.34301.259
MinimumVisualStudioVersion = 10.0.40219.1
Project("{FAE04EC0-301F-11D3-BF4B-00C04F79EFBC}") = "teszt", "teszt\teszt.csproj", "{D66741BC-4778-48F7-A512-8A2A4DB7FE74}"
EndProject
Project("{FAE04EC0-301F-11D3-BF4B-00C04F79EFBC}") = "TobbElem", "TobbElem\TobbElem.csproj", "{C42CAE33-7D2C-451A-8B9D-7231D6641F1D}"
EndProject
Project("{FAE04EC0-301F-11D3-BF4B-00C04F79EFBC}") = "Matrix", "Matrix\Matrix.csproj", "{4817BE04-38C0-4D99-AB17-A17D90653A15}"
EndProject
Global
	GlobalSection(SolutionConfigurationPlatforms) = preSolution
		Debug|Any CPU = Debug|Any CPU
		Release|Any CPU = Release|Any CPU
	EndGlobalSection
	GlobalSection(ProjectConfigurationPlatforms) = postSolution
		{D66741BC-4778-48F7-A512-8A2A4DB7FE74}.Debug|Any CPU.ActiveCfg = Debug|Any CPU
		{D66741BC-4778-48F7-A512-8A2A4DB7FE74}.Debug|Any CPU.Build.0 = Debug|Any CPU
		{D66741BC-4778-48F7-A512-8A2A4DB7FE74}.Release|Any CPU.ActiveCfg = Release|Any CPU
		{D66741BC-4778-48F7-A512-8A2A4DB7FE74}.Release|Any CPU.Build.0 = Release|Any CPU
		{C42CAE33-7D2C-451A-8B9D-7231D6641F1D}.Debug|Any CPU.ActiveCfg = Debug|Any CPU
		{C42CAE33-7D2C-451A-8B9D-7231D6641F1D}.Debug|Any CPU.Build.0 = Debug|Any CPU
		{C42CAE33-7D2C-451A-8B9D-7231D6641F1D}.Release|Any CPU.ActiveCfg = Release|Any CPU
		{C42CAE33-7D2C-451A-8B9D-7231D6641F1D}.Release|Any CPU.Build.0 = Release|Any CPU
		{4817BE04-38C0-4D99-AB17-A17D90653A15}.Debug|Any CPU.ActiveCfg = Debug|Any CPU
		{4817BE04-38C0-4D99-AB17-A17D90653A15}.Debug|Any CPU.Build.0 = Debug|Any CPU
		{4817BE04-38C0-4D99-AB17-A17D90653A15}.Release|Any CPU.ActiveCfg = Release|Any CPU
		{4817BE04-38C0-4D99-AB17-A17D90653A15}.Release|Any CPU.Build.0 = Release|Any CPU
	EndGlobalSection
	GlobalSection(SolutionProperties) = preSolution
		HideSolutionNode = FALSE
	EndGlobalSection
	GlobalSection(ExtensibilityGlobals) = postSolution
		SolutionGuid = {2E76FBA0-CEBC-486F-8D04-BAF827C0A65B}
	EndGlobalSection
EndGlobal
