
Microsoft Visual Studio Solution File, Format Version 12.00
# Visual Studio Version 16
VisualStudioVersion = 16.0.34301.259
MinimumVisualStudioVersion = 10.0.40219.1
Project("{FAE04EC0-301F-11D3-BF4B-00C04F79EFBC}") = "TobbElem", "tombelem\TobbElem.csproj", "{836DD604-F910-4947-9FA0-6D3799D6DA90}"
EndProject
Project("{FAE04EC0-301F-11D3-BF4B-00C04F79EFBC}") = "macskak", "macskak\macskak.csproj", "{A7CFFE0C-283A-4013-BFD4-86122770EADA}"
EndProject
Project("{FAE04EC0-301F-11D3-BF4B-00C04F79EFBC}") = "logika", "logika\logika.csproj", "{857AC1EB-1631-42D2-B921-C05762F56E57}"
EndProject
Project("{FAE04EC0-301F-11D3-BF4B-00C04F79EFBC}") = "prefix", "prefix\prefix.csproj", "{1F1A94B6-AFE8-40E8-8B56-A1BB7AD49606}"
EndProject
Project("{FAE04EC0-301F-11D3-BF4B-00C04F79EFBC}") = "haág", "haág\haág.csproj", "{448A06A9-CDFB-4C09-84A4-051ABB6909CE}"
EndProject
Project("{FAE04EC0-301F-11D3-BF4B-00C04F79EFBC}") = "onallo", "onallo\onallo.csproj", "{94DF2EA7-DC2D-4282-BD98-8B939D366A90}"
EndProject
Project("{FAE04EC0-301F-11D3-BF4B-00C04F79EFBC}") = "kor", "kor\kor.csproj", "{665ACAD2-3636-4654-B384-B95BC44ACFA3}"
EndProject
Project("{FAE04EC0-301F-11D3-BF4B-00C04F79EFBC}") = "teglalap", "teglalap\teglalap.csproj", "{95710A0D-62A8-4BF9-A05E-0E3BF734370A}"
EndProject
Global
	GlobalSection(SolutionConfigurationPlatforms) = preSolution
		Debug|Any CPU = Debug|Any CPU
		Release|Any CPU = Release|Any CPU
	EndGlobalSection
	GlobalSection(ProjectConfigurationPlatforms) = postSolution
		{836DD604-F910-4947-9FA0-6D3799D6DA90}.Debug|Any CPU.ActiveCfg = Debug|Any CPU
		{836DD604-F910-4947-9FA0-6D3799D6DA90}.Debug|Any CPU.Build.0 = Debug|Any CPU
		{836DD604-F910-4947-9FA0-6D3799D6DA90}.Release|Any CPU.ActiveCfg = Release|Any CPU
		{836DD604-F910-4947-9FA0-6D3799D6DA90}.Release|Any CPU.Build.0 = Release|Any CPU
		{A7CFFE0C-283A-4013-BFD4-86122770EADA}.Debug|Any CPU.ActiveCfg = Debug|Any CPU
		{A7CFFE0C-283A-4013-BFD4-86122770EADA}.Debug|Any CPU.Build.0 = Debug|Any CPU
		{A7CFFE0C-283A-4013-BFD4-86122770EADA}.Release|Any CPU.ActiveCfg = Release|Any CPU
		{A7CFFE0C-283A-4013-BFD4-86122770EADA}.Release|Any CPU.Build.0 = Release|Any CPU
		{857AC1EB-1631-42D2-B921-C05762F56E57}.Debug|Any CPU.ActiveCfg = Debug|Any CPU
		{857AC1EB-1631-42D2-B921-C05762F56E57}.Debug|Any CPU.Build.0 = Debug|Any CPU
		{857AC1EB-1631-42D2-B921-C05762F56E57}.Release|Any CPU.ActiveCfg = Release|Any CPU
		{857AC1EB-1631-42D2-B921-C05762F56E57}.Release|Any CPU.Build.0 = Release|Any CPU
		{1F1A94B6-AFE8-40E8-8B56-A1BB7AD49606}.Debug|Any CPU.ActiveCfg = Debug|Any CPU
		{1F1A94B6-AFE8-40E8-8B56-A1BB7AD49606}.Debug|Any CPU.Build.0 = Debug|Any CPU
		{1F1A94B6-AFE8-40E8-8B56-A1BB7AD49606}.Release|Any CPU.ActiveCfg = Release|Any CPU
		{1F1A94B6-AFE8-40E8-8B56-A1BB7AD49606}.Release|Any CPU.Build.0 = Release|Any CPU
		{448A06A9-CDFB-4C09-84A4-051ABB6909CE}.Debug|Any CPU.ActiveCfg = Debug|Any CPU
		{448A06A9-CDFB-4C09-84A4-051ABB6909CE}.Debug|Any CPU.Build.0 = Debug|Any CPU
		{448A06A9-CDFB-4C09-84A4-051ABB6909CE}.Release|Any CPU.ActiveCfg = Release|Any CPU
		{448A06A9-CDFB-4C09-84A4-051ABB6909CE}.Release|Any CPU.Build.0 = Release|Any CPU
		{94DF2EA7-DC2D-4282-BD98-8B939D366A90}.Debug|Any CPU.ActiveCfg = Debug|Any CPU
		{94DF2EA7-DC2D-4282-BD98-8B939D366A90}.Debug|Any CPU.Build.0 = Debug|Any CPU
		{94DF2EA7-DC2D-4282-BD98-8B939D366A90}.Release|Any CPU.ActiveCfg = Release|Any CPU
		{94DF2EA7-DC2D-4282-BD98-8B939D366A90}.Release|Any CPU.Build.0 = Release|Any CPU
		{665ACAD2-3636-4654-B384-B95BC44ACFA3}.Debug|Any CPU.ActiveCfg = Debug|Any CPU
		{665ACAD2-3636-4654-B384-B95BC44ACFA3}.Debug|Any CPU.Build.0 = Debug|Any CPU
		{665ACAD2-3636-4654-B384-B95BC44ACFA3}.Release|Any CPU.ActiveCfg = Release|Any CPU
		{665ACAD2-3636-4654-B384-B95BC44ACFA3}.Release|Any CPU.Build.0 = Release|Any CPU
		{95710A0D-62A8-4BF9-A05E-0E3BF734370A}.Debug|Any CPU.ActiveCfg = Debug|Any CPU
		{95710A0D-62A8-4BF9-A05E-0E3BF734370A}.Debug|Any CPU.Build.0 = Debug|Any CPU
		{95710A0D-62A8-4BF9-A05E-0E3BF734370A}.Release|Any CPU.ActiveCfg = Release|Any CPU
		{95710A0D-62A8-4BF9-A05E-0E3BF734370A}.Release|Any CPU.Build.0 = Release|Any CPU
	EndGlobalSection
	GlobalSection(SolutionProperties) = preSolution
		HideSolutionNode = FALSE
	EndGlobalSection
	GlobalSection(ExtensibilityGlobals) = postSolution
		SolutionGuid = {2E76FBA0-CEBC-486F-8D04-BAF827C0A65B}
	EndGlobalSection
EndGlobal
